
Microsoft Visual Studio Solution File, Format Version 12.00
# Visual Studio Version 16
VisualStudioVersion = 16.0.30907.101
MinimumVisualStudioVersion = 10.0.40219.1
Project("{2150E333-8FDC-42A3-9474-1A3956D46DE8}") = "作業報告書", "作業報告書", "{DFFD7FA2-AE95-488A-91B2-E190387FE853}"
	ProjectSection(SolutionItems) = preProject
		作業報告書\AdvanceCAD⇒AutoCAD移行開発（要件定義）_作業報告書.xlsx = 作業報告書\AdvanceCAD⇒AutoCAD移行開発（要件定義）_作業報告書.xlsx
		作業報告書\AdvanceCAD⇒AutoCAD移行開発（要件定義）_作業報告書_山本.xlsx = 作業報告書\AdvanceCAD⇒AutoCAD移行開発（要件定義）_作業報告書_山本.xlsx
		作業報告書\AdvanceCAD⇒AutoCAD移行開発（要件定義）_作業報告書_岡田.xlsx = 作業報告書\AdvanceCAD⇒AutoCAD移行開発（要件定義）_作業報告書_岡田.xlsx
		作業報告書\AdvanceCAD⇒AutoCAD移行開発（要件定義）_作業報告書_平.xlsx = 作業報告書\AdvanceCAD⇒AutoCAD移行開発（要件定義）_作業報告書_平.xlsx
	EndProjectSection
EndProject
Project("{2150E333-8FDC-42A3-9474-1A3956D46DE8}") = "調査資料", "調査資料", "{7AF23B3E-AD8C-43D6-A96F-3C35F48E9178}"
	ProjectSection(SolutionItems) = preProject
		調査資料\カスタム仕様書_SC理解.xlsx = 調査資料\カスタム仕様書_SC理解.xlsx
		調査資料\カスタム仕様書_SC理解_山本.xlsx = 調査資料\カスタム仕様書_SC理解_山本.xlsx
		調査資料\カスタム仕様書_SC理解_岡田.xlsx = 調査資料\カスタム仕様書_SC理解_岡田.xlsx
		調査資料\カスタム仕様書_SC理解_平.xlsx = 調査資料\カスタム仕様書_SC理解_平.xlsx
	EndProjectSection
EndProject
Project("{2150E333-8FDC-42A3-9474-1A3956D46DE8}") = "要件定義書", "要件定義書", "{1B267D3E-CA7B-4011-8A1D-8B2FCC480910}"
	ProjectSection(SolutionItems) = preProject
		要件定義書\①_円弧配列_カスタム仕様書.docx = 要件定義書\①_円弧配列_カスタム仕様書.docx
		要件定義書\②_パタ検(ボイド測定)_カスタム仕様.docx = 要件定義書\②_パタ検(ボイド測定)_カスタム仕様.docx
		要件定義書\③_TM登録_カスタム仕様.docx = 要件定義書\③_TM登録_カスタム仕様.docx
		要件定義書\④_面積変動_カスタム仕様.docx = 要件定義書\④_面積変動_カスタム仕様.docx
		要件定義書\⑤_位相ズレ解析_カスタム仕様.docx = 要件定義書\⑤_位相ズレ解析_カスタム仕様.docx
		要件定義書\⑥_C表作成_カスタム仕様.docx = 要件定義書\⑥_C表作成_カスタム仕様.docx
		要件定義書\⑦_承認申請図・法規申請図_カスタム仕様.docx = 要件定義書\⑦_承認申請図・法規申請図_カスタム仕様.docx
		要件定義書\⑧_解析用データ変換_カスタム仕様.docx = 要件定義書\⑧_解析用データ変換_カスタム仕様.docx
		要件定義書\⑨_AT gi-2／Leon expansion_カスタム仕様_REV01.docx = 要件定義書\⑨_AT gi-2／Leon expansion_カスタム仕様_REV01.docx
		要件定義書\⑩_Macro 1-1_カスタム仕様.docx = 要件定義書\⑩_Macro 1-1_カスタム仕様.docx
		要件定義書\⑫_作図マクロ_カスタム仕様.docx = 要件定義書\⑫_作図マクロ_カスタム仕様.docx
	EndProjectSection
EndProject
Project("{2150E333-8FDC-42A3-9474-1A3956D46DE8}") = "質疑表", "質疑表", "{E7774FD6-24FE-4B83-9667-A37465E08C9C}"
	ProjectSection(SolutionItems) = preProject
		質疑表\TOYOTIRE_質疑表 _岡田.xlsx = 質疑表\TOYOTIRE_質疑表 _岡田.xlsx
		質疑表\TOYOTIRE_質疑表 _平.xlsx = 質疑表\TOYOTIRE_質疑表 _平.xlsx
		質疑表\TOYOTIRE_質疑表.xlsx = 質疑表\TOYOTIRE_質疑表.xlsx
		質疑表\TOYOTIRE_質疑表_山本.xlsx = 質疑表\TOYOTIRE_質疑表_山本.xlsx
	EndProjectSection
EndProject
Project("{2150E333-8FDC-42A3-9474-1A3956D46DE8}") = "内部資料", "内部資料", "{F399522D-5179-401D-81E1-28C3BA582938}"
	ProjectSection(SolutionItems) = preProject
		調査資料\内部資料\①円弧配列調査（平）.xlsx = 調査資料\内部資料\①円弧配列調査（平）.xlsx
	EndProjectSection
EndProject
Global
	GlobalSection(SolutionProperties) = preSolution
		HideSolutionNode = FALSE
	EndGlobalSection
	GlobalSection(NestedProjects) = preSolution
		{F399522D-5179-401D-81E1-28C3BA582938} = {7AF23B3E-AD8C-43D6-A96F-3C35F48E9178}
	EndGlobalSection
	GlobalSection(ExtensibilityGlobals) = postSolution
		SolutionGuid = {ECF83A36-EF44-40AF-A263-56C5F6448557}
	EndGlobalSection
EndGlobal
