
Microsoft Visual Studio Solution File, Format Version 12.00
# Visual Studio Version 16
VisualStudioVersion = 16.0.32929.386
MinimumVisualStudioVersion = 10.0.40219.1
Project("{F184B08F-C81C-45F6-A57F-5ABD9991F28F}") = "BrandVB1", "BrandVB1.vbproj", "{F473FCBF-69D1-4127-8610-589E5F79E251}"
EndProject
Project("{8BC9CEB8-8B4A-11D0-8D11-00A0C91BC942}") = "BrandDLL", "..\BrandDLL\BrandDLL.vcxproj", "{2A15D3EA-38C5-4BD8-AF5D-B91B84E42C30}"
EndProject
Project("{F184B08F-C81C-45F6-A57F-5ABD9991F28F}") = "BrandVB3", "BrandVB3.vbproj", "{D855F800-69C3-4C97-96C2-D940908BAB5E}"
EndProject
Global
	GlobalSection(SolutionConfigurationPlatforms) = preSolution
		Debug|Any CPU = Debug|Any CPU
		Debug|x64 = Debug|x64
		Debug|x86 = Debug|x86
		Release|Any CPU = Release|Any CPU
		Release|x64 = Release|x64
		Release|x86 = Release|x86
	EndGlobalSection
	GlobalSection(ProjectConfigurationPlatforms) = postSolution
		{F473FCBF-69D1-4127-8610-589E5F79E251}.Debug|Any CPU.ActiveCfg = Debug|Any CPU
		{F473FCBF-69D1-4127-8610-589E5F79E251}.Debug|Any CPU.Build.0 = Debug|Any CPU
		{F473FCBF-69D1-4127-8610-589E5F79E251}.Debug|x64.ActiveCfg = Debug|Any CPU
		{F473FCBF-69D1-4127-8610-589E5F79E251}.Debug|x64.Build.0 = Debug|Any CPU
		{F473FCBF-69D1-4127-8610-589E5F79E251}.Debug|x86.ActiveCfg = Debug|Any CPU
		{F473FCBF-69D1-4127-8610-589E5F79E251}.Debug|x86.Build.0 = Debug|Any CPU
		{F473FCBF-69D1-4127-8610-589E5F79E251}.Release|Any CPU.ActiveCfg = Release|Any CPU
		{F473FCBF-69D1-4127-8610-589E5F79E251}.Release|Any CPU.Build.0 = Release|Any CPU
		{F473FCBF-69D1-4127-8610-589E5F79E251}.Release|x64.ActiveCfg = Release|Any CPU
		{F473FCBF-69D1-4127-8610-589E5F79E251}.Release|x64.Build.0 = Release|Any CPU
		{F473FCBF-69D1-4127-8610-589E5F79E251}.Release|x86.ActiveCfg = Release|Any CPU
		{F473FCBF-69D1-4127-8610-589E5F79E251}.Release|x86.Build.0 = Release|Any CPU
		{2A15D3EA-38C5-4BD8-AF5D-B91B84E42C30}.Debug|Any CPU.ActiveCfg = Debug|Win32
		{2A15D3EA-38C5-4BD8-AF5D-B91B84E42C30}.Debug|x64.ActiveCfg = Debug|x64
		{2A15D3EA-38C5-4BD8-AF5D-B91B84E42C30}.Debug|x64.Build.0 = Debug|x64
		{2A15D3EA-38C5-4BD8-AF5D-B91B84E42C30}.Debug|x86.ActiveCfg = Debug|Win32
		{2A15D3EA-38C5-4BD8-AF5D-B91B84E42C30}.Debug|x86.Build.0 = Debug|Win32
		{2A15D3EA-38C5-4BD8-AF5D-B91B84E42C30}.Release|Any CPU.ActiveCfg = Release|Win32
		{2A15D3EA-38C5-4BD8-AF5D-B91B84E42C30}.Release|x64.ActiveCfg = Release|x64
		{2A15D3EA-38C5-4BD8-AF5D-B91B84E42C30}.Release|x64.Build.0 = Release|x64
		{2A15D3EA-38C5-4BD8-AF5D-B91B84E42C30}.Release|x86.ActiveCfg = Release|Win32
		{2A15D3EA-38C5-4BD8-AF5D-B91B84E42C30}.Release|x86.Build.0 = Release|Win32
		{D855F800-69C3-4C97-96C2-D940908BAB5E}.Debug|Any CPU.ActiveCfg = Debug|Any CPU
		{D855F800-69C3-4C97-96C2-D940908BAB5E}.Debug|Any CPU.Build.0 = Debug|Any CPU
		{D855F800-69C3-4C97-96C2-D940908BAB5E}.Debug|x64.ActiveCfg = Debug|Any CPU
		{D855F800-69C3-4C97-96C2-D940908BAB5E}.Debug|x64.Build.0 = Debug|Any CPU
		{D855F800-69C3-4C97-96C2-D940908BAB5E}.Debug|x86.ActiveCfg = Debug|Any CPU
		{D855F800-69C3-4C97-96C2-D940908BAB5E}.Debug|x86.Build.0 = Debug|Any CPU
		{D855F800-69C3-4C97-96C2-D940908BAB5E}.Release|Any CPU.ActiveCfg = Release|Any CPU
		{D855F800-69C3-4C97-96C2-D940908BAB5E}.Release|Any CPU.Build.0 = Release|Any CPU
		{D855F800-69C3-4C97-96C2-D940908BAB5E}.Release|x64.ActiveCfg = Release|Any CPU
		{D855F800-69C3-4C97-96C2-D940908BAB5E}.Release|x64.Build.0 = Release|Any CPU
		{D855F800-69C3-4C97-96C2-D940908BAB5E}.Release|x86.ActiveCfg = Release|Any CPU
		{D855F800-69C3-4C97-96C2-D940908BAB5E}.Release|x86.Build.0 = Release|Any CPU
	EndGlobalSection
	GlobalSection(SolutionProperties) = preSolution
		HideSolutionNode = FALSE
	EndGlobalSection
	GlobalSection(ExtensibilityGlobals) = postSolution
		SolutionGuid = {58B8A46A-ACB0-4177-8BBE-41439C8975EF}
	EndGlobalSection
EndGlobal
